{
  "name": "@guseyn/cutie-if-else",
  "version": "1.0.0",
  "lockfileVersion": 1,
  "requires": true,
  "dependencies": {
    "@guseyn/cutie": {
      "version": "1.4.0",
      "resolved": "https://registry.npmjs.org/@guseyn/cutie/-/cutie-1.4.0.tgz",
      "integrity": "sha512-7IZmi8n+ppEOlWGiJMvSSlh3Ycfr8wYRu3rPe36Z06y67eug57edZyy3+jmrw7+726somp5AB3/HUvsh+vJlQA=="
    },
    "@guseyn/cutie-assert": {
      "version": "1.1.0",
      "resolved": "https://registry.npmjs.org/@guseyn/cutie-assert/-/cutie-assert-1.1.0.tgz",
      "integrity": "sha512-viQw/vqGUTIbJcNTQY0PubsebPWekzHXF0dygfnqYbZEQ0IBJZZ2RgQw5RPqrYTmjAM5TMk5GOw9m+KkAuTAQA==",
      "requires": {
        "@guseyn/cutie": "1.4.0"
      }
    },
    "test-executor": {
      "version": "1.0.8",
      "resolved": "https://registry.npmjs.org/test-executor/-/test-executor-1.0.8.tgz",
      "integrity": "sha512-qNnHuQprdIhIOD/sq3vBdrpOQcw54QAV/uP5yDCMVDHansEd97mx8bvpxSOy+mA1xcbWQhpNuvWFpLAkhmnXyg==",
      "requires": {
        "@guseyn/cutie": "1.3.7"
      },
      "dependencies": {
        "@guseyn/cutie": {
          "version": "1.3.7",
          "resolved": "https://registry.npmjs.org/@guseyn/cutie/-/cutie-1.3.7.tgz",
          "integrity": "sha512-czyO+55HuNjMEvrAPtN2yaH2y3BgTKkyDzFDIZmzJhaOJix1AoFNt/xgk1fiWWpIt9xg7dRxTD7zoyNE2sTZ+A=="
        }
      }
    }
  }
}
